
Microsoft Visual Studio Solution File, Format Version 12.00
# Visual Studio 15
VisualStudioVersion = 15.0.28307.1705
MinimumVisualStudioVersion = 10.0.40219.1
Project("{8BC9CEB8-8B4A-11D0-8D11-00A0C91BC942}") = "5_5", "5_5\5_5.vcxproj", "{7A401DF8-4A09-42C3-B964-9C961E6D9E84}"
EndProject
Project("{8BC9CEB8-8B4A-11D0-8D11-00A0C91BC942}") = "UnitTest1", "UnitTest1\UnitTest1.vcxproj", "{2DEF67FE-7811-4011-AD01-032B80F7DC7D}"
EndProject
Global
	GlobalSection(SolutionConfigurationPlatforms) = preSolution
		Debug|x64 = Debug|x64
		Debug|x86 = Debug|x86
		Release|x64 = Release|x64
		Release|x86 = Release|x86
	EndGlobalSection
	GlobalSection(ProjectConfigurationPlatforms) = postSolution
		{7A401DF8-4A09-42C3-B964-9C961E6D9E84}.Debug|x64.ActiveCfg = Debug|x64
		{7A401DF8-4A09-42C3-B964-9C961E6D9E84}.Debug|x64.Build.0 = Debug|x64
		{7A401DF8-4A09-42C3-B964-9C961E6D9E84}.Debug|x86.ActiveCfg = Debug|Win32
		{7A401DF8-4A09-42C3-B964-9C961E6D9E84}.Debug|x86.Build.0 = Debug|Win32
		{7A401DF8-4A09-42C3-B964-9C961E6D9E84}.Release|x64.ActiveCfg = Release|x64
		{7A401DF8-4A09-42C3-B964-9C961E6D9E84}.Release|x64.Build.0 = Release|x64
		{7A401DF8-4A09-42C3-B964-9C961E6D9E84}.Release|x86.ActiveCfg = Release|Win32
		{7A401DF8-4A09-42C3-B964-9C961E6D9E84}.Release|x86.Build.0 = Release|Win32
		{2DEF67FE-7811-4011-AD01-032B80F7DC7D}.Debug|x64.ActiveCfg = Debug|x64
		{2DEF67FE-7811-4011-AD01-032B80F7DC7D}.Debug|x64.Build.0 = Debug|x64
		{2DEF67FE-7811-4011-AD01-032B80F7DC7D}.Debug|x86.ActiveCfg = Debug|Win32
		{2DEF67FE-7811-4011-AD01-032B80F7DC7D}.Debug|x86.Build.0 = Debug|Win32
		{2DEF67FE-7811-4011-AD01-032B80F7DC7D}.Release|x64.ActiveCfg = Release|x64
		{2DEF67FE-7811-4011-AD01-032B80F7DC7D}.Release|x64.Build.0 = Release|x64
		{2DEF67FE-7811-4011-AD01-032B80F7DC7D}.Release|x86.ActiveCfg = Release|Win32
		{2DEF67FE-7811-4011-AD01-032B80F7DC7D}.Release|x86.Build.0 = Release|Win32
	EndGlobalSection
	GlobalSection(SolutionProperties) = preSolution
		HideSolutionNode = FALSE
	EndGlobalSection
	GlobalSection(ExtensibilityGlobals) = postSolution
		SolutionGuid = {EC00816D-1C86-4382-95C8-B67648BC9081}
	EndGlobalSection
EndGlobal
